
Microsoft Visual Studio Solution File, Format Version 12.00
# Visual Studio Version 16
VisualStudioVersion = 16.0.30717.126
MinimumVisualStudioVersion = 15.0.26124.0
Project("{2150E333-8FDC-42A3-9474-1A3956D46DE8}") = "src", "src", "{FE4A689D-029C-4BD8-87E1-3078ABE394F3}"
EndProject
Project("{9A19103F-16F7-4668-BE54-9A1E7A4F7556}") = "Day1", "src\day1\Day1.csproj", "{E8E92FE2-FB51-474E-B104-1C5B506CF6F1}"
EndProject
Project("{9A19103F-16F7-4668-BE54-9A1E7A4F7556}") = "Shared", "src\shared\Shared.csproj", "{07F9629B-A22D-4B64-8E6D-1DEECC2A41F7}"
EndProject
Project("{2150E333-8FDC-42A3-9474-1A3956D46DE8}") = "test", "test", "{596C3A60-69DB-4F5B-97CE-C90E815D7628}"
EndProject
Project("{9A19103F-16F7-4668-BE54-9A1E7A4F7556}") = "Day2", "src\Day2\Day2.csproj", "{6C18CB9C-6A83-4F9E-A82B-8C4955A13E88}"
EndProject
Project("{9A19103F-16F7-4668-BE54-9A1E7A4F7556}") = "test", "test\test.csproj", "{86130489-FAE8-457F-84F4-3BC26EE5CEDF}"
EndProject
Project("{9A19103F-16F7-4668-BE54-9A1E7A4F7556}") = "Day3", "src\Day3\Day3.csproj", "{9EAA017E-42E8-4B1A-A380-C38EB901629E}"
EndProject
Project("{FAE04EC0-301F-11D3-BF4B-00C04F79EFBC}") = "day4", "src\day4\day4.csproj", "{36CAFA4F-2184-4F6D-AB16-9FB6955A44F6}"
EndProject
Project("{FAE04EC0-301F-11D3-BF4B-00C04F79EFBC}") = "Day5", "src\day5\Day5.csproj", "{D68CAA29-C766-4390-AD22-AF36154A990F}"
EndProject
Global
	GlobalSection(SolutionConfigurationPlatforms) = preSolution
		Debug|Any CPU = Debug|Any CPU
		Debug|x64 = Debug|x64
		Debug|x86 = Debug|x86
		Release|Any CPU = Release|Any CPU
		Release|x64 = Release|x64
		Release|x86 = Release|x86
	EndGlobalSection
	GlobalSection(ProjectConfigurationPlatforms) = postSolution
		{E8E92FE2-FB51-474E-B104-1C5B506CF6F1}.Debug|Any CPU.ActiveCfg = Debug|Any CPU
		{E8E92FE2-FB51-474E-B104-1C5B506CF6F1}.Debug|Any CPU.Build.0 = Debug|Any CPU
		{E8E92FE2-FB51-474E-B104-1C5B506CF6F1}.Debug|x64.ActiveCfg = Debug|Any CPU
		{E8E92FE2-FB51-474E-B104-1C5B506CF6F1}.Debug|x64.Build.0 = Debug|Any CPU
		{E8E92FE2-FB51-474E-B104-1C5B506CF6F1}.Debug|x86.ActiveCfg = Debug|Any CPU
		{E8E92FE2-FB51-474E-B104-1C5B506CF6F1}.Debug|x86.Build.0 = Debug|Any CPU
		{E8E92FE2-FB51-474E-B104-1C5B506CF6F1}.Release|Any CPU.ActiveCfg = Release|Any CPU
		{E8E92FE2-FB51-474E-B104-1C5B506CF6F1}.Release|Any CPU.Build.0 = Release|Any CPU
		{E8E92FE2-FB51-474E-B104-1C5B506CF6F1}.Release|x64.ActiveCfg = Release|Any CPU
		{E8E92FE2-FB51-474E-B104-1C5B506CF6F1}.Release|x64.Build.0 = Release|Any CPU
		{E8E92FE2-FB51-474E-B104-1C5B506CF6F1}.Release|x86.ActiveCfg = Release|Any CPU
		{E8E92FE2-FB51-474E-B104-1C5B506CF6F1}.Release|x86.Build.0 = Release|Any CPU
		{07F9629B-A22D-4B64-8E6D-1DEECC2A41F7}.Debug|Any CPU.ActiveCfg = Debug|Any CPU
		{07F9629B-A22D-4B64-8E6D-1DEECC2A41F7}.Debug|Any CPU.Build.0 = Debug|Any CPU
		{07F9629B-A22D-4B64-8E6D-1DEECC2A41F7}.Debug|x64.ActiveCfg = Debug|Any CPU
		{07F9629B-A22D-4B64-8E6D-1DEECC2A41F7}.Debug|x64.Build.0 = Debug|Any CPU
		{07F9629B-A22D-4B64-8E6D-1DEECC2A41F7}.Debug|x86.ActiveCfg = Debug|Any CPU
		{07F9629B-A22D-4B64-8E6D-1DEECC2A41F7}.Debug|x86.Build.0 = Debug|Any CPU
		{07F9629B-A22D-4B64-8E6D-1DEECC2A41F7}.Release|Any CPU.ActiveCfg = Release|Any CPU
		{07F9629B-A22D-4B64-8E6D-1DEECC2A41F7}.Release|Any CPU.Build.0 = Release|Any CPU
		{07F9629B-A22D-4B64-8E6D-1DEECC2A41F7}.Release|x64.ActiveCfg = Release|Any CPU
		{07F9629B-A22D-4B64-8E6D-1DEECC2A41F7}.Release|x64.Build.0 = Release|Any CPU
		{07F9629B-A22D-4B64-8E6D-1DEECC2A41F7}.Release|x86.ActiveCfg = Release|Any CPU
		{07F9629B-A22D-4B64-8E6D-1DEECC2A41F7}.Release|x86.Build.0 = Release|Any CPU
		{6C18CB9C-6A83-4F9E-A82B-8C4955A13E88}.Debug|Any CPU.ActiveCfg = Debug|Any CPU
		{6C18CB9C-6A83-4F9E-A82B-8C4955A13E88}.Debug|Any CPU.Build.0 = Debug|Any CPU
		{6C18CB9C-6A83-4F9E-A82B-8C4955A13E88}.Debug|x64.ActiveCfg = Debug|Any CPU
		{6C18CB9C-6A83-4F9E-A82B-8C4955A13E88}.Debug|x64.Build.0 = Debug|Any CPU
		{6C18CB9C-6A83-4F9E-A82B-8C4955A13E88}.Debug|x86.ActiveCfg = Debug|Any CPU
		{6C18CB9C-6A83-4F9E-A82B-8C4955A13E88}.Debug|x86.Build.0 = Debug|Any CPU
		{6C18CB9C-6A83-4F9E-A82B-8C4955A13E88}.Release|Any CPU.ActiveCfg = Release|Any CPU
		{6C18CB9C-6A83-4F9E-A82B-8C4955A13E88}.Release|Any CPU.Build.0 = Release|Any CPU
		{6C18CB9C-6A83-4F9E-A82B-8C4955A13E88}.Release|x64.ActiveCfg = Release|Any CPU
		{6C18CB9C-6A83-4F9E-A82B-8C4955A13E88}.Release|x64.Build.0 = Release|Any CPU
		{6C18CB9C-6A83-4F9E-A82B-8C4955A13E88}.Release|x86.ActiveCfg = Release|Any CPU
		{6C18CB9C-6A83-4F9E-A82B-8C4955A13E88}.Release|x86.Build.0 = Release|Any CPU
		{86130489-FAE8-457F-84F4-3BC26EE5CEDF}.Debug|Any CPU.ActiveCfg = Debug|Any CPU
		{86130489-FAE8-457F-84F4-3BC26EE5CEDF}.Debug|Any CPU.Build.0 = Debug|Any CPU
		{86130489-FAE8-457F-84F4-3BC26EE5CEDF}.Debug|x64.ActiveCfg = Debug|Any CPU
		{86130489-FAE8-457F-84F4-3BC26EE5CEDF}.Debug|x64.Build.0 = Debug|Any CPU
		{86130489-FAE8-457F-84F4-3BC26EE5CEDF}.Debug|x86.ActiveCfg = Debug|Any CPU
		{86130489-FAE8-457F-84F4-3BC26EE5CEDF}.Debug|x86.Build.0 = Debug|Any CPU
		{86130489-FAE8-457F-84F4-3BC26EE5CEDF}.Release|Any CPU.ActiveCfg = Release|Any CPU
		{86130489-FAE8-457F-84F4-3BC26EE5CEDF}.Release|Any CPU.Build.0 = Release|Any CPU
		{86130489-FAE8-457F-84F4-3BC26EE5CEDF}.Release|x64.ActiveCfg = Release|Any CPU
		{86130489-FAE8-457F-84F4-3BC26EE5CEDF}.Release|x64.Build.0 = Release|Any CPU
		{86130489-FAE8-457F-84F4-3BC26EE5CEDF}.Release|x86.ActiveCfg = Release|Any CPU
		{86130489-FAE8-457F-84F4-3BC26EE5CEDF}.Release|x86.Build.0 = Release|Any CPU
		{9EAA017E-42E8-4B1A-A380-C38EB901629E}.Debug|Any CPU.ActiveCfg = Debug|Any CPU
		{9EAA017E-42E8-4B1A-A380-C38EB901629E}.Debug|Any CPU.Build.0 = Debug|Any CPU
		{9EAA017E-42E8-4B1A-A380-C38EB901629E}.Debug|x64.ActiveCfg = Debug|Any CPU
		{9EAA017E-42E8-4B1A-A380-C38EB901629E}.Debug|x64.Build.0 = Debug|Any CPU
		{9EAA017E-42E8-4B1A-A380-C38EB901629E}.Debug|x86.ActiveCfg = Debug|Any CPU
		{9EAA017E-42E8-4B1A-A380-C38EB901629E}.Debug|x86.Build.0 = Debug|Any CPU
		{9EAA017E-42E8-4B1A-A380-C38EB901629E}.Release|Any CPU.ActiveCfg = Release|Any CPU
		{9EAA017E-42E8-4B1A-A380-C38EB901629E}.Release|Any CPU.Build.0 = Release|Any CPU
		{9EAA017E-42E8-4B1A-A380-C38EB901629E}.Release|x64.ActiveCfg = Release|Any CPU
		{9EAA017E-42E8-4B1A-A380-C38EB901629E}.Release|x64.Build.0 = Release|Any CPU
		{9EAA017E-42E8-4B1A-A380-C38EB901629E}.Release|x86.ActiveCfg = Release|Any CPU
		{9EAA017E-42E8-4B1A-A380-C38EB901629E}.Release|x86.Build.0 = Release|Any CPU
		{36CAFA4F-2184-4F6D-AB16-9FB6955A44F6}.Debug|Any CPU.ActiveCfg = Debug|Any CPU
		{36CAFA4F-2184-4F6D-AB16-9FB6955A44F6}.Debug|Any CPU.Build.0 = Debug|Any CPU
		{36CAFA4F-2184-4F6D-AB16-9FB6955A44F6}.Debug|x64.ActiveCfg = Debug|Any CPU
		{36CAFA4F-2184-4F6D-AB16-9FB6955A44F6}.Debug|x64.Build.0 = Debug|Any CPU
		{36CAFA4F-2184-4F6D-AB16-9FB6955A44F6}.Debug|x86.ActiveCfg = Debug|Any CPU
		{36CAFA4F-2184-4F6D-AB16-9FB6955A44F6}.Debug|x86.Build.0 = Debug|Any CPU
		{36CAFA4F-2184-4F6D-AB16-9FB6955A44F6}.Release|Any CPU.ActiveCfg = Release|Any CPU
		{36CAFA4F-2184-4F6D-AB16-9FB6955A44F6}.Release|Any CPU.Build.0 = Release|Any CPU
		{36CAFA4F-2184-4F6D-AB16-9FB6955A44F6}.Release|x64.ActiveCfg = Release|Any CPU
		{36CAFA4F-2184-4F6D-AB16-9FB6955A44F6}.Release|x64.Build.0 = Release|Any CPU
		{36CAFA4F-2184-4F6D-AB16-9FB6955A44F6}.Release|x86.ActiveCfg = Release|Any CPU
		{36CAFA4F-2184-4F6D-AB16-9FB6955A44F6}.Release|x86.Build.0 = Release|Any CPU
		{D68CAA29-C766-4390-AD22-AF36154A990F}.Debug|Any CPU.ActiveCfg = Debug|Any CPU
		{D68CAA29-C766-4390-AD22-AF36154A990F}.Debug|Any CPU.Build.0 = Debug|Any CPU
		{D68CAA29-C766-4390-AD22-AF36154A990F}.Debug|x64.ActiveCfg = Debug|Any CPU
		{D68CAA29-C766-4390-AD22-AF36154A990F}.Debug|x64.Build.0 = Debug|Any CPU
		{D68CAA29-C766-4390-AD22-AF36154A990F}.Debug|x86.ActiveCfg = Debug|Any CPU
		{D68CAA29-C766-4390-AD22-AF36154A990F}.Debug|x86.Build.0 = Debug|Any CPU
		{D68CAA29-C766-4390-AD22-AF36154A990F}.Release|Any CPU.ActiveCfg = Release|Any CPU
		{D68CAA29-C766-4390-AD22-AF36154A990F}.Release|Any CPU.Build.0 = Release|Any CPU
		{D68CAA29-C766-4390-AD22-AF36154A990F}.Release|x64.ActiveCfg = Release|Any CPU
		{D68CAA29-C766-4390-AD22-AF36154A990F}.Release|x64.Build.0 = Release|Any CPU
		{D68CAA29-C766-4390-AD22-AF36154A990F}.Release|x86.ActiveCfg = Release|Any CPU
		{D68CAA29-C766-4390-AD22-AF36154A990F}.Release|x86.Build.0 = Release|Any CPU
	EndGlobalSection
	GlobalSection(SolutionProperties) = preSolution
		HideSolutionNode = FALSE
	EndGlobalSection
	GlobalSection(NestedProjects) = preSolution
		{E8E92FE2-FB51-474E-B104-1C5B506CF6F1} = {FE4A689D-029C-4BD8-87E1-3078ABE394F3}
		{07F9629B-A22D-4B64-8E6D-1DEECC2A41F7} = {FE4A689D-029C-4BD8-87E1-3078ABE394F3}
		{6C18CB9C-6A83-4F9E-A82B-8C4955A13E88} = {FE4A689D-029C-4BD8-87E1-3078ABE394F3}
		{86130489-FAE8-457F-84F4-3BC26EE5CEDF} = {596C3A60-69DB-4F5B-97CE-C90E815D7628}
		{9EAA017E-42E8-4B1A-A380-C38EB901629E} = {FE4A689D-029C-4BD8-87E1-3078ABE394F3}
		{36CAFA4F-2184-4F6D-AB16-9FB6955A44F6} = {FE4A689D-029C-4BD8-87E1-3078ABE394F3}
		{D68CAA29-C766-4390-AD22-AF36154A990F} = {FE4A689D-029C-4BD8-87E1-3078ABE394F3}
	EndGlobalSection
	GlobalSection(ExtensibilityGlobals) = postSolution
		SolutionGuid = {0C352316-84EF-4CB7-AB16-9FAD808AE3EB}
	EndGlobalSection
EndGlobal
