
Microsoft Visual Studio Solution File, Format Version 12.00
# Visual Studio Version 16
VisualStudioVersion = 16.0.30717.126
MinimumVisualStudioVersion = 15.0.26124.0
Project("{2150E333-8FDC-42A3-9474-1A3956D46DE8}") = "src", "src", "{FE4A689D-029C-4BD8-87E1-3078ABE394F3}"
EndProject
Project("{9A19103F-16F7-4668-BE54-9A1E7A4F7556}") = "Day1", "src\day1\Day1.csproj", "{E8E92FE2-FB51-474E-B104-1C5B506CF6F1}"
EndProject
Project("{9A19103F-16F7-4668-BE54-9A1E7A4F7556}") = "Shared", "src\shared\Shared.csproj", "{07F9629B-A22D-4B64-8E6D-1DEECC2A41F7}"
EndProject
Project("{2150E333-8FDC-42A3-9474-1A3956D46DE8}") = "test", "test", "{596C3A60-69DB-4F5B-97CE-C90E815D7628}"
EndProject
Project("{9A19103F-16F7-4668-BE54-9A1E7A4F7556}") = "Day2", "src\Day2\Day2.csproj", "{6C18CB9C-6A83-4F9E-A82B-8C4955A13E88}"
EndProject
Project("{9A19103F-16F7-4668-BE54-9A1E7A4F7556}") = "test", "test\test.csproj", "{86130489-FAE8-457F-84F4-3BC26EE5CEDF}"
EndProject
Project("{9A19103F-16F7-4668-BE54-9A1E7A4F7556}") = "Day3", "src\Day3\Day3.csproj", "{9EAA017E-42E8-4B1A-A380-C38EB901629E}"
EndProject
Project("{9A19103F-16F7-4668-BE54-9A1E7A4F7556}") = "day4", "src\day4\day4.csproj", "{36CAFA4F-2184-4F6D-AB16-9FB6955A44F6}"
EndProject
Project("{9A19103F-16F7-4668-BE54-9A1E7A4F7556}") = "Day5", "src\day5\Day5.csproj", "{D68CAA29-C766-4390-AD22-AF36154A990F}"
EndProject
Project("{9A19103F-16F7-4668-BE54-9A1E7A4F7556}") = "Day6", "src\day6\Day6.csproj", "{A83F4A91-0C79-4FB3-B475-7AB7816ADEEF}"
EndProject
Project("{9A19103F-16F7-4668-BE54-9A1E7A4F7556}") = "Day7", "src\Day7\Day7.csproj", "{868B5F51-FF1D-4B7A-85A6-D94BB34CC79D}"
EndProject
Project("{9A19103F-16F7-4668-BE54-9A1E7A4F7556}") = "Day8", "src\Day8\Day8.csproj", "{06EA1465-2345-4C4F-9792-EFF2ECC397B3}"
EndProject
Project("{9A19103F-16F7-4668-BE54-9A1E7A4F7556}") = "Day9", "src\Day9\Day9.csproj", "{D0410FD3-E4E1-4340-BCDC-56E9C9FAD729}"
EndProject
Project("{9A19103F-16F7-4668-BE54-9A1E7A4F7556}") = "Day10", "src\Day10\Day10.csproj", "{059987E0-623E-4714-96A8-F282D6B5C5A7}"
EndProject
Project("{2150E333-8FDC-42A3-9474-1A3956D46DE8}") = "scripts", "scripts", "{D1FE0A58-BB5B-4CD9-9FE0-9C17DE2FE357}"
	ProjectSection(SolutionItems) = preProject
		create_day.bat = create_day.bat
	EndProjectSection
EndProject
Project("{9A19103F-16F7-4668-BE54-9A1E7A4F7556}") = "Day11", "src\Day11\Day11.csproj", "{056EECF1-BCA0-4205-BCD4-22600279EED3}"
EndProject
Project("{9A19103F-16F7-4668-BE54-9A1E7A4F7556}") = "Day12", "src\Day12\Day12.csproj", "{3460AE41-B9A7-4820-B141-B59948DA4727}"
EndProject
Project("{9A19103F-16F7-4668-BE54-9A1E7A4F7556}") = "Day13", "src\Day13\Day13.csproj", "{A3283752-1D9B-4500-BE0F-1B302F234B05}"
EndProject
Project("{2150E333-8FDC-42A3-9474-1A3956D46DE8}") = "solution items", "solution items", "{E7853C10-7204-49C9-9D85-7444CE380B71}"
	ProjectSection(SolutionItems) = preProject
		.gitignore = .gitignore
	EndProjectSection
EndProject
Project("{FAE04EC0-301F-11D3-BF4B-00C04F79EFBC}") = "Day14", "src\Day14\Day14.csproj", "{C97884BF-ED1E-46CE-85F5-9A36D60A005B}"
EndProject
Global
	GlobalSection(SolutionConfigurationPlatforms) = preSolution
		Debug|Any CPU = Debug|Any CPU
		Debug|x64 = Debug|x64
		Debug|x86 = Debug|x86
		Release|Any CPU = Release|Any CPU
		Release|x64 = Release|x64
		Release|x86 = Release|x86
	EndGlobalSection
	GlobalSection(ProjectConfigurationPlatforms) = postSolution
		{E8E92FE2-FB51-474E-B104-1C5B506CF6F1}.Debug|Any CPU.ActiveCfg = Debug|Any CPU
		{E8E92FE2-FB51-474E-B104-1C5B506CF6F1}.Debug|Any CPU.Build.0 = Debug|Any CPU
		{E8E92FE2-FB51-474E-B104-1C5B506CF6F1}.Debug|x64.ActiveCfg = Debug|Any CPU
		{E8E92FE2-FB51-474E-B104-1C5B506CF6F1}.Debug|x64.Build.0 = Debug|Any CPU
		{E8E92FE2-FB51-474E-B104-1C5B506CF6F1}.Debug|x86.ActiveCfg = Debug|Any CPU
		{E8E92FE2-FB51-474E-B104-1C5B506CF6F1}.Debug|x86.Build.0 = Debug|Any CPU
		{E8E92FE2-FB51-474E-B104-1C5B506CF6F1}.Release|Any CPU.ActiveCfg = Release|Any CPU
		{E8E92FE2-FB51-474E-B104-1C5B506CF6F1}.Release|Any CPU.Build.0 = Release|Any CPU
		{E8E92FE2-FB51-474E-B104-1C5B506CF6F1}.Release|x64.ActiveCfg = Release|Any CPU
		{E8E92FE2-FB51-474E-B104-1C5B506CF6F1}.Release|x64.Build.0 = Release|Any CPU
		{E8E92FE2-FB51-474E-B104-1C5B506CF6F1}.Release|x86.ActiveCfg = Release|Any CPU
		{E8E92FE2-FB51-474E-B104-1C5B506CF6F1}.Release|x86.Build.0 = Release|Any CPU
		{07F9629B-A22D-4B64-8E6D-1DEECC2A41F7}.Debug|Any CPU.ActiveCfg = Debug|Any CPU
		{07F9629B-A22D-4B64-8E6D-1DEECC2A41F7}.Debug|Any CPU.Build.0 = Debug|Any CPU
		{07F9629B-A22D-4B64-8E6D-1DEECC2A41F7}.Debug|x64.ActiveCfg = Debug|Any CPU
		{07F9629B-A22D-4B64-8E6D-1DEECC2A41F7}.Debug|x64.Build.0 = Debug|Any CPU
		{07F9629B-A22D-4B64-8E6D-1DEECC2A41F7}.Debug|x86.ActiveCfg = Debug|Any CPU
		{07F9629B-A22D-4B64-8E6D-1DEECC2A41F7}.Debug|x86.Build.0 = Debug|Any CPU
		{07F9629B-A22D-4B64-8E6D-1DEECC2A41F7}.Release|Any CPU.ActiveCfg = Release|Any CPU
		{07F9629B-A22D-4B64-8E6D-1DEECC2A41F7}.Release|Any CPU.Build.0 = Release|Any CPU
		{07F9629B-A22D-4B64-8E6D-1DEECC2A41F7}.Release|x64.ActiveCfg = Release|Any CPU
		{07F9629B-A22D-4B64-8E6D-1DEECC2A41F7}.Release|x64.Build.0 = Release|Any CPU
		{07F9629B-A22D-4B64-8E6D-1DEECC2A41F7}.Release|x86.ActiveCfg = Release|Any CPU
		{07F9629B-A22D-4B64-8E6D-1DEECC2A41F7}.Release|x86.Build.0 = Release|Any CPU
		{6C18CB9C-6A83-4F9E-A82B-8C4955A13E88}.Debug|Any CPU.ActiveCfg = Debug|Any CPU
		{6C18CB9C-6A83-4F9E-A82B-8C4955A13E88}.Debug|Any CPU.Build.0 = Debug|Any CPU
		{6C18CB9C-6A83-4F9E-A82B-8C4955A13E88}.Debug|x64.ActiveCfg = Debug|Any CPU
		{6C18CB9C-6A83-4F9E-A82B-8C4955A13E88}.Debug|x64.Build.0 = Debug|Any CPU
		{6C18CB9C-6A83-4F9E-A82B-8C4955A13E88}.Debug|x86.ActiveCfg = Debug|Any CPU
		{6C18CB9C-6A83-4F9E-A82B-8C4955A13E88}.Debug|x86.Build.0 = Debug|Any CPU
		{6C18CB9C-6A83-4F9E-A82B-8C4955A13E88}.Release|Any CPU.ActiveCfg = Release|Any CPU
		{6C18CB9C-6A83-4F9E-A82B-8C4955A13E88}.Release|Any CPU.Build.0 = Release|Any CPU
		{6C18CB9C-6A83-4F9E-A82B-8C4955A13E88}.Release|x64.ActiveCfg = Release|Any CPU
		{6C18CB9C-6A83-4F9E-A82B-8C4955A13E88}.Release|x64.Build.0 = Release|Any CPU
		{6C18CB9C-6A83-4F9E-A82B-8C4955A13E88}.Release|x86.ActiveCfg = Release|Any CPU
		{6C18CB9C-6A83-4F9E-A82B-8C4955A13E88}.Release|x86.Build.0 = Release|Any CPU
		{86130489-FAE8-457F-84F4-3BC26EE5CEDF}.Debug|Any CPU.ActiveCfg = Debug|Any CPU
		{86130489-FAE8-457F-84F4-3BC26EE5CEDF}.Debug|Any CPU.Build.0 = Debug|Any CPU
		{86130489-FAE8-457F-84F4-3BC26EE5CEDF}.Debug|x64.ActiveCfg = Debug|Any CPU
		{86130489-FAE8-457F-84F4-3BC26EE5CEDF}.Debug|x64.Build.0 = Debug|Any CPU
		{86130489-FAE8-457F-84F4-3BC26EE5CEDF}.Debug|x86.ActiveCfg = Debug|Any CPU
		{86130489-FAE8-457F-84F4-3BC26EE5CEDF}.Debug|x86.Build.0 = Debug|Any CPU
		{86130489-FAE8-457F-84F4-3BC26EE5CEDF}.Release|Any CPU.ActiveCfg = Release|Any CPU
		{86130489-FAE8-457F-84F4-3BC26EE5CEDF}.Release|Any CPU.Build.0 = Release|Any CPU
		{86130489-FAE8-457F-84F4-3BC26EE5CEDF}.Release|x64.ActiveCfg = Release|Any CPU
		{86130489-FAE8-457F-84F4-3BC26EE5CEDF}.Release|x64.Build.0 = Release|Any CPU
		{86130489-FAE8-457F-84F4-3BC26EE5CEDF}.Release|x86.ActiveCfg = Release|Any CPU
		{86130489-FAE8-457F-84F4-3BC26EE5CEDF}.Release|x86.Build.0 = Release|Any CPU
		{9EAA017E-42E8-4B1A-A380-C38EB901629E}.Debug|Any CPU.ActiveCfg = Debug|Any CPU
		{9EAA017E-42E8-4B1A-A380-C38EB901629E}.Debug|Any CPU.Build.0 = Debug|Any CPU
		{9EAA017E-42E8-4B1A-A380-C38EB901629E}.Debug|x64.ActiveCfg = Debug|Any CPU
		{9EAA017E-42E8-4B1A-A380-C38EB901629E}.Debug|x64.Build.0 = Debug|Any CPU
		{9EAA017E-42E8-4B1A-A380-C38EB901629E}.Debug|x86.ActiveCfg = Debug|Any CPU
		{9EAA017E-42E8-4B1A-A380-C38EB901629E}.Debug|x86.Build.0 = Debug|Any CPU
		{9EAA017E-42E8-4B1A-A380-C38EB901629E}.Release|Any CPU.ActiveCfg = Release|Any CPU
		{9EAA017E-42E8-4B1A-A380-C38EB901629E}.Release|Any CPU.Build.0 = Release|Any CPU
		{9EAA017E-42E8-4B1A-A380-C38EB901629E}.Release|x64.ActiveCfg = Release|Any CPU
		{9EAA017E-42E8-4B1A-A380-C38EB901629E}.Release|x64.Build.0 = Release|Any CPU
		{9EAA017E-42E8-4B1A-A380-C38EB901629E}.Release|x86.ActiveCfg = Release|Any CPU
		{9EAA017E-42E8-4B1A-A380-C38EB901629E}.Release|x86.Build.0 = Release|Any CPU
		{36CAFA4F-2184-4F6D-AB16-9FB6955A44F6}.Debug|Any CPU.ActiveCfg = Debug|Any CPU
		{36CAFA4F-2184-4F6D-AB16-9FB6955A44F6}.Debug|Any CPU.Build.0 = Debug|Any CPU
		{36CAFA4F-2184-4F6D-AB16-9FB6955A44F6}.Debug|x64.ActiveCfg = Debug|Any CPU
		{36CAFA4F-2184-4F6D-AB16-9FB6955A44F6}.Debug|x64.Build.0 = Debug|Any CPU
		{36CAFA4F-2184-4F6D-AB16-9FB6955A44F6}.Debug|x86.ActiveCfg = Debug|Any CPU
		{36CAFA4F-2184-4F6D-AB16-9FB6955A44F6}.Debug|x86.Build.0 = Debug|Any CPU
		{36CAFA4F-2184-4F6D-AB16-9FB6955A44F6}.Release|Any CPU.ActiveCfg = Release|Any CPU
		{36CAFA4F-2184-4F6D-AB16-9FB6955A44F6}.Release|Any CPU.Build.0 = Release|Any CPU
		{36CAFA4F-2184-4F6D-AB16-9FB6955A44F6}.Release|x64.ActiveCfg = Release|Any CPU
		{36CAFA4F-2184-4F6D-AB16-9FB6955A44F6}.Release|x64.Build.0 = Release|Any CPU
		{36CAFA4F-2184-4F6D-AB16-9FB6955A44F6}.Release|x86.ActiveCfg = Release|Any CPU
		{36CAFA4F-2184-4F6D-AB16-9FB6955A44F6}.Release|x86.Build.0 = Release|Any CPU
		{D68CAA29-C766-4390-AD22-AF36154A990F}.Debug|Any CPU.ActiveCfg = Debug|Any CPU
		{D68CAA29-C766-4390-AD22-AF36154A990F}.Debug|Any CPU.Build.0 = Debug|Any CPU
		{D68CAA29-C766-4390-AD22-AF36154A990F}.Debug|x64.ActiveCfg = Debug|Any CPU
		{D68CAA29-C766-4390-AD22-AF36154A990F}.Debug|x64.Build.0 = Debug|Any CPU
		{D68CAA29-C766-4390-AD22-AF36154A990F}.Debug|x86.ActiveCfg = Debug|Any CPU
		{D68CAA29-C766-4390-AD22-AF36154A990F}.Debug|x86.Build.0 = Debug|Any CPU
		{D68CAA29-C766-4390-AD22-AF36154A990F}.Release|Any CPU.ActiveCfg = Release|Any CPU
		{D68CAA29-C766-4390-AD22-AF36154A990F}.Release|Any CPU.Build.0 = Release|Any CPU
		{D68CAA29-C766-4390-AD22-AF36154A990F}.Release|x64.ActiveCfg = Release|Any CPU
		{D68CAA29-C766-4390-AD22-AF36154A990F}.Release|x64.Build.0 = Release|Any CPU
		{D68CAA29-C766-4390-AD22-AF36154A990F}.Release|x86.ActiveCfg = Release|Any CPU
		{D68CAA29-C766-4390-AD22-AF36154A990F}.Release|x86.Build.0 = Release|Any CPU
		{A83F4A91-0C79-4FB3-B475-7AB7816ADEEF}.Debug|Any CPU.ActiveCfg = Debug|Any CPU
		{A83F4A91-0C79-4FB3-B475-7AB7816ADEEF}.Debug|Any CPU.Build.0 = Debug|Any CPU
		{A83F4A91-0C79-4FB3-B475-7AB7816ADEEF}.Debug|x64.ActiveCfg = Debug|Any CPU
		{A83F4A91-0C79-4FB3-B475-7AB7816ADEEF}.Debug|x64.Build.0 = Debug|Any CPU
		{A83F4A91-0C79-4FB3-B475-7AB7816ADEEF}.Debug|x86.ActiveCfg = Debug|Any CPU
		{A83F4A91-0C79-4FB3-B475-7AB7816ADEEF}.Debug|x86.Build.0 = Debug|Any CPU
		{A83F4A91-0C79-4FB3-B475-7AB7816ADEEF}.Release|Any CPU.ActiveCfg = Release|Any CPU
		{A83F4A91-0C79-4FB3-B475-7AB7816ADEEF}.Release|Any CPU.Build.0 = Release|Any CPU
		{A83F4A91-0C79-4FB3-B475-7AB7816ADEEF}.Release|x64.ActiveCfg = Release|Any CPU
		{A83F4A91-0C79-4FB3-B475-7AB7816ADEEF}.Release|x64.Build.0 = Release|Any CPU
		{A83F4A91-0C79-4FB3-B475-7AB7816ADEEF}.Release|x86.ActiveCfg = Release|Any CPU
		{A83F4A91-0C79-4FB3-B475-7AB7816ADEEF}.Release|x86.Build.0 = Release|Any CPU
		{868B5F51-FF1D-4B7A-85A6-D94BB34CC79D}.Debug|Any CPU.ActiveCfg = Debug|Any CPU
		{868B5F51-FF1D-4B7A-85A6-D94BB34CC79D}.Debug|Any CPU.Build.0 = Debug|Any CPU
		{868B5F51-FF1D-4B7A-85A6-D94BB34CC79D}.Debug|x64.ActiveCfg = Debug|Any CPU
		{868B5F51-FF1D-4B7A-85A6-D94BB34CC79D}.Debug|x64.Build.0 = Debug|Any CPU
		{868B5F51-FF1D-4B7A-85A6-D94BB34CC79D}.Debug|x86.ActiveCfg = Debug|Any CPU
		{868B5F51-FF1D-4B7A-85A6-D94BB34CC79D}.Debug|x86.Build.0 = Debug|Any CPU
		{868B5F51-FF1D-4B7A-85A6-D94BB34CC79D}.Release|Any CPU.ActiveCfg = Release|Any CPU
		{868B5F51-FF1D-4B7A-85A6-D94BB34CC79D}.Release|Any CPU.Build.0 = Release|Any CPU
		{868B5F51-FF1D-4B7A-85A6-D94BB34CC79D}.Release|x64.ActiveCfg = Release|Any CPU
		{868B5F51-FF1D-4B7A-85A6-D94BB34CC79D}.Release|x64.Build.0 = Release|Any CPU
		{868B5F51-FF1D-4B7A-85A6-D94BB34CC79D}.Release|x86.ActiveCfg = Release|Any CPU
		{868B5F51-FF1D-4B7A-85A6-D94BB34CC79D}.Release|x86.Build.0 = Release|Any CPU
		{06EA1465-2345-4C4F-9792-EFF2ECC397B3}.Debug|Any CPU.ActiveCfg = Debug|Any CPU
		{06EA1465-2345-4C4F-9792-EFF2ECC397B3}.Debug|Any CPU.Build.0 = Debug|Any CPU
		{06EA1465-2345-4C4F-9792-EFF2ECC397B3}.Debug|x64.ActiveCfg = Debug|Any CPU
		{06EA1465-2345-4C4F-9792-EFF2ECC397B3}.Debug|x64.Build.0 = Debug|Any CPU
		{06EA1465-2345-4C4F-9792-EFF2ECC397B3}.Debug|x86.ActiveCfg = Debug|Any CPU
		{06EA1465-2345-4C4F-9792-EFF2ECC397B3}.Debug|x86.Build.0 = Debug|Any CPU
		{06EA1465-2345-4C4F-9792-EFF2ECC397B3}.Release|Any CPU.ActiveCfg = Release|Any CPU
		{06EA1465-2345-4C4F-9792-EFF2ECC397B3}.Release|Any CPU.Build.0 = Release|Any CPU
		{06EA1465-2345-4C4F-9792-EFF2ECC397B3}.Release|x64.ActiveCfg = Release|Any CPU
		{06EA1465-2345-4C4F-9792-EFF2ECC397B3}.Release|x64.Build.0 = Release|Any CPU
		{06EA1465-2345-4C4F-9792-EFF2ECC397B3}.Release|x86.ActiveCfg = Release|Any CPU
		{06EA1465-2345-4C4F-9792-EFF2ECC397B3}.Release|x86.Build.0 = Release|Any CPU
		{D0410FD3-E4E1-4340-BCDC-56E9C9FAD729}.Debug|Any CPU.ActiveCfg = Debug|Any CPU
		{D0410FD3-E4E1-4340-BCDC-56E9C9FAD729}.Debug|Any CPU.Build.0 = Debug|Any CPU
		{D0410FD3-E4E1-4340-BCDC-56E9C9FAD729}.Debug|x64.ActiveCfg = Debug|Any CPU
		{D0410FD3-E4E1-4340-BCDC-56E9C9FAD729}.Debug|x64.Build.0 = Debug|Any CPU
		{D0410FD3-E4E1-4340-BCDC-56E9C9FAD729}.Debug|x86.ActiveCfg = Debug|Any CPU
		{D0410FD3-E4E1-4340-BCDC-56E9C9FAD729}.Debug|x86.Build.0 = Debug|Any CPU
		{D0410FD3-E4E1-4340-BCDC-56E9C9FAD729}.Release|Any CPU.ActiveCfg = Release|Any CPU
		{D0410FD3-E4E1-4340-BCDC-56E9C9FAD729}.Release|Any CPU.Build.0 = Release|Any CPU
		{D0410FD3-E4E1-4340-BCDC-56E9C9FAD729}.Release|x64.ActiveCfg = Release|Any CPU
		{D0410FD3-E4E1-4340-BCDC-56E9C9FAD729}.Release|x64.Build.0 = Release|Any CPU
		{D0410FD3-E4E1-4340-BCDC-56E9C9FAD729}.Release|x86.ActiveCfg = Release|Any CPU
		{D0410FD3-E4E1-4340-BCDC-56E9C9FAD729}.Release|x86.Build.0 = Release|Any CPU
		{059987E0-623E-4714-96A8-F282D6B5C5A7}.Debug|Any CPU.ActiveCfg = Debug|Any CPU
		{059987E0-623E-4714-96A8-F282D6B5C5A7}.Debug|Any CPU.Build.0 = Debug|Any CPU
		{059987E0-623E-4714-96A8-F282D6B5C5A7}.Debug|x64.ActiveCfg = Debug|Any CPU
		{059987E0-623E-4714-96A8-F282D6B5C5A7}.Debug|x64.Build.0 = Debug|Any CPU
		{059987E0-623E-4714-96A8-F282D6B5C5A7}.Debug|x86.ActiveCfg = Debug|Any CPU
		{059987E0-623E-4714-96A8-F282D6B5C5A7}.Debug|x86.Build.0 = Debug|Any CPU
		{059987E0-623E-4714-96A8-F282D6B5C5A7}.Release|Any CPU.ActiveCfg = Release|Any CPU
		{059987E0-623E-4714-96A8-F282D6B5C5A7}.Release|Any CPU.Build.0 = Release|Any CPU
		{059987E0-623E-4714-96A8-F282D6B5C5A7}.Release|x64.ActiveCfg = Release|Any CPU
		{059987E0-623E-4714-96A8-F282D6B5C5A7}.Release|x64.Build.0 = Release|Any CPU
		{059987E0-623E-4714-96A8-F282D6B5C5A7}.Release|x86.ActiveCfg = Release|Any CPU
		{059987E0-623E-4714-96A8-F282D6B5C5A7}.Release|x86.Build.0 = Release|Any CPU
		{056EECF1-BCA0-4205-BCD4-22600279EED3}.Debug|Any CPU.ActiveCfg = Debug|Any CPU
		{056EECF1-BCA0-4205-BCD4-22600279EED3}.Debug|Any CPU.Build.0 = Debug|Any CPU
		{056EECF1-BCA0-4205-BCD4-22600279EED3}.Debug|x64.ActiveCfg = Debug|Any CPU
		{056EECF1-BCA0-4205-BCD4-22600279EED3}.Debug|x64.Build.0 = Debug|Any CPU
		{056EECF1-BCA0-4205-BCD4-22600279EED3}.Debug|x86.ActiveCfg = Debug|Any CPU
		{056EECF1-BCA0-4205-BCD4-22600279EED3}.Debug|x86.Build.0 = Debug|Any CPU
		{056EECF1-BCA0-4205-BCD4-22600279EED3}.Release|Any CPU.ActiveCfg = Release|Any CPU
		{056EECF1-BCA0-4205-BCD4-22600279EED3}.Release|Any CPU.Build.0 = Release|Any CPU
		{056EECF1-BCA0-4205-BCD4-22600279EED3}.Release|x64.ActiveCfg = Release|Any CPU
		{056EECF1-BCA0-4205-BCD4-22600279EED3}.Release|x64.Build.0 = Release|Any CPU
		{056EECF1-BCA0-4205-BCD4-22600279EED3}.Release|x86.ActiveCfg = Release|Any CPU
		{056EECF1-BCA0-4205-BCD4-22600279EED3}.Release|x86.Build.0 = Release|Any CPU
		{3460AE41-B9A7-4820-B141-B59948DA4727}.Debug|Any CPU.ActiveCfg = Debug|Any CPU
		{3460AE41-B9A7-4820-B141-B59948DA4727}.Debug|Any CPU.Build.0 = Debug|Any CPU
		{3460AE41-B9A7-4820-B141-B59948DA4727}.Debug|x64.ActiveCfg = Debug|Any CPU
		{3460AE41-B9A7-4820-B141-B59948DA4727}.Debug|x64.Build.0 = Debug|Any CPU
		{3460AE41-B9A7-4820-B141-B59948DA4727}.Debug|x86.ActiveCfg = Debug|Any CPU
		{3460AE41-B9A7-4820-B141-B59948DA4727}.Debug|x86.Build.0 = Debug|Any CPU
		{3460AE41-B9A7-4820-B141-B59948DA4727}.Release|Any CPU.ActiveCfg = Release|Any CPU
		{3460AE41-B9A7-4820-B141-B59948DA4727}.Release|Any CPU.Build.0 = Release|Any CPU
		{3460AE41-B9A7-4820-B141-B59948DA4727}.Release|x64.ActiveCfg = Release|Any CPU
		{3460AE41-B9A7-4820-B141-B59948DA4727}.Release|x64.Build.0 = Release|Any CPU
		{3460AE41-B9A7-4820-B141-B59948DA4727}.Release|x86.ActiveCfg = Release|Any CPU
		{3460AE41-B9A7-4820-B141-B59948DA4727}.Release|x86.Build.0 = Release|Any CPU
		{A3283752-1D9B-4500-BE0F-1B302F234B05}.Debug|Any CPU.ActiveCfg = Debug|Any CPU
		{A3283752-1D9B-4500-BE0F-1B302F234B05}.Debug|Any CPU.Build.0 = Debug|Any CPU
		{A3283752-1D9B-4500-BE0F-1B302F234B05}.Debug|x64.ActiveCfg = Debug|Any CPU
		{A3283752-1D9B-4500-BE0F-1B302F234B05}.Debug|x64.Build.0 = Debug|Any CPU
		{A3283752-1D9B-4500-BE0F-1B302F234B05}.Debug|x86.ActiveCfg = Debug|Any CPU
		{A3283752-1D9B-4500-BE0F-1B302F234B05}.Debug|x86.Build.0 = Debug|Any CPU
		{A3283752-1D9B-4500-BE0F-1B302F234B05}.Release|Any CPU.ActiveCfg = Release|Any CPU
		{A3283752-1D9B-4500-BE0F-1B302F234B05}.Release|Any CPU.Build.0 = Release|Any CPU
		{A3283752-1D9B-4500-BE0F-1B302F234B05}.Release|x64.ActiveCfg = Release|Any CPU
		{A3283752-1D9B-4500-BE0F-1B302F234B05}.Release|x64.Build.0 = Release|Any CPU
		{A3283752-1D9B-4500-BE0F-1B302F234B05}.Release|x86.ActiveCfg = Release|Any CPU
		{A3283752-1D9B-4500-BE0F-1B302F234B05}.Release|x86.Build.0 = Release|Any CPU
		{C97884BF-ED1E-46CE-85F5-9A36D60A005B}.Debug|Any CPU.ActiveCfg = Debug|Any CPU
		{C97884BF-ED1E-46CE-85F5-9A36D60A005B}.Debug|Any CPU.Build.0 = Debug|Any CPU
		{C97884BF-ED1E-46CE-85F5-9A36D60A005B}.Debug|x64.ActiveCfg = Debug|Any CPU
		{C97884BF-ED1E-46CE-85F5-9A36D60A005B}.Debug|x64.Build.0 = Debug|Any CPU
		{C97884BF-ED1E-46CE-85F5-9A36D60A005B}.Debug|x86.ActiveCfg = Debug|Any CPU
		{C97884BF-ED1E-46CE-85F5-9A36D60A005B}.Debug|x86.Build.0 = Debug|Any CPU
		{C97884BF-ED1E-46CE-85F5-9A36D60A005B}.Release|Any CPU.ActiveCfg = Release|Any CPU
		{C97884BF-ED1E-46CE-85F5-9A36D60A005B}.Release|Any CPU.Build.0 = Release|Any CPU
		{C97884BF-ED1E-46CE-85F5-9A36D60A005B}.Release|x64.ActiveCfg = Release|Any CPU
		{C97884BF-ED1E-46CE-85F5-9A36D60A005B}.Release|x64.Build.0 = Release|Any CPU
		{C97884BF-ED1E-46CE-85F5-9A36D60A005B}.Release|x86.ActiveCfg = Release|Any CPU
		{C97884BF-ED1E-46CE-85F5-9A36D60A005B}.Release|x86.Build.0 = Release|Any CPU
	EndGlobalSection
	GlobalSection(SolutionProperties) = preSolution
		HideSolutionNode = FALSE
	EndGlobalSection
	GlobalSection(NestedProjects) = preSolution
		{E8E92FE2-FB51-474E-B104-1C5B506CF6F1} = {FE4A689D-029C-4BD8-87E1-3078ABE394F3}
		{07F9629B-A22D-4B64-8E6D-1DEECC2A41F7} = {FE4A689D-029C-4BD8-87E1-3078ABE394F3}
		{6C18CB9C-6A83-4F9E-A82B-8C4955A13E88} = {FE4A689D-029C-4BD8-87E1-3078ABE394F3}
		{86130489-FAE8-457F-84F4-3BC26EE5CEDF} = {596C3A60-69DB-4F5B-97CE-C90E815D7628}
		{9EAA017E-42E8-4B1A-A380-C38EB901629E} = {FE4A689D-029C-4BD8-87E1-3078ABE394F3}
		{36CAFA4F-2184-4F6D-AB16-9FB6955A44F6} = {FE4A689D-029C-4BD8-87E1-3078ABE394F3}
		{D68CAA29-C766-4390-AD22-AF36154A990F} = {FE4A689D-029C-4BD8-87E1-3078ABE394F3}
		{A83F4A91-0C79-4FB3-B475-7AB7816ADEEF} = {FE4A689D-029C-4BD8-87E1-3078ABE394F3}
		{868B5F51-FF1D-4B7A-85A6-D94BB34CC79D} = {FE4A689D-029C-4BD8-87E1-3078ABE394F3}
		{06EA1465-2345-4C4F-9792-EFF2ECC397B3} = {FE4A689D-029C-4BD8-87E1-3078ABE394F3}
		{D0410FD3-E4E1-4340-BCDC-56E9C9FAD729} = {FE4A689D-029C-4BD8-87E1-3078ABE394F3}
		{059987E0-623E-4714-96A8-F282D6B5C5A7} = {FE4A689D-029C-4BD8-87E1-3078ABE394F3}
		{056EECF1-BCA0-4205-BCD4-22600279EED3} = {FE4A689D-029C-4BD8-87E1-3078ABE394F3}
		{3460AE41-B9A7-4820-B141-B59948DA4727} = {FE4A689D-029C-4BD8-87E1-3078ABE394F3}
		{A3283752-1D9B-4500-BE0F-1B302F234B05} = {FE4A689D-029C-4BD8-87E1-3078ABE394F3}
		{C97884BF-ED1E-46CE-85F5-9A36D60A005B} = {FE4A689D-029C-4BD8-87E1-3078ABE394F3}
	EndGlobalSection
	GlobalSection(ExtensibilityGlobals) = postSolution
		SolutionGuid = {0C352316-84EF-4CB7-AB16-9FAD808AE3EB}
	EndGlobalSection
EndGlobal
